
Microsoft Visual Studio Solution File, Format Version 12.00
# Visual Studio Version 17
VisualStudioVersion = 17.0.31903.59
MinimumVisualStudioVersion = 10.0.40219.1
Project("{2150E333-8FDC-42A3-9474-1A3956D46DE8}") = "src", "src", "{6B6174EC-A782-4FDE-A29C-B16A5A827845}"
EndProject
Project("{FAE04EC0-301F-11D3-BF4B-00C04F79EFBC}") = "Mapsicle", "src\Mapsicle\Mapsicle.csproj", "{B6DE069D-F699-4C26-842B-DC68F8C954AF}"
EndProject
Project("{2150E333-8FDC-42A3-9474-1A3956D46DE8}") = "tests", "tests", "{3A0525C5-7A1E-4E6E-A617-442A73AC1522}"
EndProject
Project("{FAE04EC0-301F-11D3-BF4B-00C04F79EFBC}") = "Mapsicle.Tests", "tests\Mapsicle.Tests\Mapsicle.Tests.csproj", "{46391BB0-C8C8-4269-B103-6C7EB6031CAC}"
EndProject
Project("{FAE04EC0-301F-11D3-BF4B-00C04F79EFBC}") = "Mapsicle.Fluent", "src\Mapsicle.Fluent\Mapsicle.Fluent.csproj", "{F2301EF3-59C4-4A64-9A82-741CC04E97F1}"
EndProject
Project("{FAE04EC0-301F-11D3-BF4B-00C04F79EFBC}") = "Mapsicle.EntityFramework", "src\Mapsicle.EntityFramework\Mapsicle.EntityFramework.csproj", "{54AD47B4-2D94-4CE2-8EA8-595B178A140C}"
EndProject
Project("{FAE04EC0-301F-11D3-BF4B-00C04F79EFBC}") = "Mapsicle.Fluent.Tests", "tests\Mapsicle.Fluent.Tests\Mapsicle.Fluent.Tests.csproj", "{27E2C422-3BA9-443C-86A3-0A54811AB621}"
EndProject
Project("{FAE04EC0-301F-11D3-BF4B-00C04F79EFBC}") = "Mapsicle.EntityFramework.Tests", "tests\Mapsicle.EntityFramework.Tests\Mapsicle.EntityFramework.Tests.csproj", "{A7E4A1A9-E4A3-4BBD-9345-CEC3287CFAC1}"
EndProject
Project("{FAE04EC0-301F-11D3-BF4B-00C04F79EFBC}") = "Mapsicle.Benchmarks", "tests\Mapsicle.Benchmarks\Mapsicle.Benchmarks.csproj", "{C1DD7ECB-B77C-4371-95C5-480E4320006F}"
EndProject
Project("{FAE04EC0-301F-11D3-BF4B-00C04F79EFBC}") = "Mapsicle.Validation", "src\Mapsicle.Validation\Mapsicle.Validation.csproj", "{A628C764-3059-4637-87D0-74EB947AF4BF}"
EndProject
Project("{FAE04EC0-301F-11D3-BF4B-00C04F79EFBC}") = "Mapsicle.NamingConventions", "src\Mapsicle.NamingConventions\Mapsicle.NamingConventions.csproj", "{0D58A04E-88CF-4042-AB5C-1F4F8698DF50}"
EndProject
Project("{FAE04EC0-301F-11D3-BF4B-00C04F79EFBC}") = "Mapsicle.Validation.Tests", "tests\Mapsicle.Validation.Tests\Mapsicle.Validation.Tests.csproj", "{17D29CA6-109C-48E2-B839-307435293BB3}"
EndProject
Project("{FAE04EC0-301F-11D3-BF4B-00C04F79EFBC}") = "Mapsicle.NamingConventions.Tests", "tests\Mapsicle.NamingConventions.Tests\Mapsicle.NamingConventions.Tests.csproj", "{6EB2BA6D-C8D1-4505-B5F3-A40443D51479}"
EndProject
Project("{2150E333-8FDC-42A3-9474-1A3956D46DE8}") = "examples", "examples", "{BB5C9E30-4A9A-4BFA-849B-9705C9512DFD}"
EndProject
Project("{FAE04EC0-301F-11D3-BF4B-00C04F79EFBC}") = "Mapsicle.Examples", "examples\Mapsicle.Examples\Mapsicle.Examples.csproj", "{4D2B7614-7EEF-436C-B768-69B93AC9DA5E}"
EndProject
Project("{FAE04EC0-301F-11D3-BF4B-00C04F79EFBC}") = "Mapsicle.Json", "src\Mapsicle.Json\Mapsicle.Json.csproj", "{7A09DAE0-FE5B-4372-966C-9B239140567F}"
EndProject
Project("{FAE04EC0-301F-11D3-BF4B-00C04F79EFBC}") = "Mapsicle.AspNetCore", "src\Mapsicle.AspNetCore\Mapsicle.AspNetCore.csproj", "{72F2EEF7-E3E6-4BAC-A3EE-0C9E7FC6B991}"
EndProject
Project("{FAE04EC0-301F-11D3-BF4B-00C04F79EFBC}") = "Mapsicle.Caching", "src\Mapsicle.Caching\Mapsicle.Caching.csproj", "{750545FC-261D-401F-8BB9-936E221010BC}"
EndProject
Project("{FAE04EC0-301F-11D3-BF4B-00C04F79EFBC}") = "Mapsicle.Audit", "src\Mapsicle.Audit\Mapsicle.Audit.csproj", "{6893F4C3-1AAA-41CF-8252-8F3B06510C7F}"
EndProject
Project("{FAE04EC0-301F-11D3-BF4B-00C04F79EFBC}") = "Mapsicle.DataAnnotations", "src\Mapsicle.DataAnnotations\Mapsicle.DataAnnotations.csproj", "{BFAC9F66-A131-48FC-8095-A898AADDA911}"
EndProject
Project("{FAE04EC0-301F-11D3-BF4B-00C04F79EFBC}") = "Mapsicle.Json.Tests", "tests\Mapsicle.Json.Tests\Mapsicle.Json.Tests.csproj", "{2E5852E6-6879-44DF-800E-5B0D0AEDE000}"
EndProject
Project("{FAE04EC0-301F-11D3-BF4B-00C04F79EFBC}") = "Mapsicle.AspNetCore.Tests", "tests\Mapsicle.AspNetCore.Tests\Mapsicle.AspNetCore.Tests.csproj", "{582FDBFE-F89D-4BF2-9CC4-F8E68283BD29}"
EndProject
Project("{FAE04EC0-301F-11D3-BF4B-00C04F79EFBC}") = "Mapsicle.Caching.Tests", "tests\Mapsicle.Caching.Tests\Mapsicle.Caching.Tests.csproj", "{56853E25-93E7-4949-B7FF-7D60A75AD073}"
EndProject
Project("{FAE04EC0-301F-11D3-BF4B-00C04F79EFBC}") = "Mapsicle.Audit.Tests", "tests\Mapsicle.Audit.Tests\Mapsicle.Audit.Tests.csproj", "{C4A1FCEC-961F-444E-9535-699E300D6C2C}"
EndProject
Project("{FAE04EC0-301F-11D3-BF4B-00C04F79EFBC}") = "Mapsicle.DataAnnotations.Tests", "tests\Mapsicle.DataAnnotations.Tests\Mapsicle.DataAnnotations.Tests.csproj", "{AA776FA9-6D36-4297-82AC-057A025451B1}"
EndProject
Project("{FAE04EC0-301F-11D3-BF4B-00C04F79EFBC}") = "Mapsicle.Serilog", "src\Mapsicle.Serilog\Mapsicle.Serilog.csproj", "{85B9EE9F-6CEF-46B9-8369-EF606E396DAB}"
EndProject
Project("{FAE04EC0-301F-11D3-BF4B-00C04F79EFBC}") = "Mapsicle.Serilog.Tests", "tests\Mapsicle.Serilog.Tests\Mapsicle.Serilog.Tests.csproj", "{4DA0A8D3-A93E-4742-B76A-EE46ADD79C43}"
EndProject
Project("{FAE04EC0-301F-11D3-BF4B-00C04F79EFBC}") = "Mapsicle.Dapper", "src\Mapsicle.Dapper\Mapsicle.Dapper.csproj", "{B58217DF-D185-4988-96A6-721B9DC00083}"
EndProject
Project("{FAE04EC0-301F-11D3-BF4B-00C04F79EFBC}") = "Mapsicle.Dapper.Tests", "tests\Mapsicle.Dapper.Tests\Mapsicle.Dapper.Tests.csproj", "{017866AA-FF69-4FDC-B76B-9B427CCC78F8}"
EndProject
Project("{FAE04EC0-301F-11D3-BF4B-00C04F79EFBC}") = "Mapsicle.Performance.Tests", "tests\Mapsicle.Performance.Tests\Mapsicle.Performance.Tests.csproj", "{1A9E9DE1-0C7F-4F07-A3AC-7336A2BBCB7E}"
EndProject
Project("{FAE04EC0-301F-11D3-BF4B-00C04F79EFBC}") = "Mapsicle.NetStandard.Tests", "tests\Mapsicle.NetStandard.Tests\Mapsicle.NetStandard.Tests.csproj", "{788ECCE0-EE83-4204-B285-C92951B39756}"
EndProject
Project("{FAE04EC0-301F-11D3-BF4B-00C04F79EFBC}") = "Mapsicle.Parity.Tests", "tests\Mapsicle.Parity.Tests\Mapsicle.Parity.Tests.csproj", "{F6D3B5E4-4B30-4D6A-B11A-7F6434F89104}"
EndProject
Project("{FAE04EC0-301F-11D3-BF4B-00C04F79EFBC}") = "Mapsicle.DependencyInjection", "src\Mapsicle.DependencyInjection\Mapsicle.DependencyInjection.csproj", "{7D4FD76C-014D-452D-A744-2A25D23FF83A}"
EndProject
Project("{FAE04EC0-301F-11D3-BF4B-00C04F79EFBC}") = "Mapsicle.DependencyInjection.Tests", "tests\Mapsicle.DependencyInjection.Tests\Mapsicle.DependencyInjection.Tests.csproj", "{9A03E3C8-280A-4850-88A5-C754A0CDE34C}"
EndProject
Project("{FAE04EC0-301F-11D3-BF4B-00C04F79EFBC}") = "Mapsicle.ApiSurface.Tests", "tests\Mapsicle.ApiSurface.Tests\Mapsicle.ApiSurface.Tests.csproj", "{5B479D56-7881-4917-9A5C-FDC186472021}"
EndProject
Project("{FAE04EC0-301F-11D3-BF4B-00C04F79EFBC}") = "Mapsicle.Docs.Tests", "tests\Mapsicle.Docs.Tests\Mapsicle.Docs.Tests.csproj", "{75125546-5551-481B-88F7-C6D778614A15}"
EndProject
Project("{FAE04EC0-301F-11D3-BF4B-00C04F79EFBC}") = "Mapsicle.SourceGen", "src\Mapsicle.SourceGen\Mapsicle.SourceGen.csproj", "{C613DDA4-8E7C-4D39-A8EB-94B5836D04F4}"
EndProject
Project("{FAE04EC0-301F-11D3-BF4B-00C04F79EFBC}") = "Mapsicle.SourceGen.Tests", "tests\Mapsicle.SourceGen.Tests\Mapsicle.SourceGen.Tests.csproj", "{9B1FDC73-02B6-454C-8957-AF70DDFE6D62}"
EndProject
Global
	GlobalSection(SolutionConfigurationPlatforms) = preSolution
		Debug|Any CPU = Debug|Any CPU
		Debug|x64 = Debug|x64
		Debug|x86 = Debug|x86
		Release|Any CPU = Release|Any CPU
		Release|x64 = Release|x64
		Release|x86 = Release|x86
	EndGlobalSection
	GlobalSection(ProjectConfigurationPlatforms) = postSolution
		{B6DE069D-F699-4C26-842B-DC68F8C954AF}.Debug|Any CPU.ActiveCfg = Debug|Any CPU
		{B6DE069D-F699-4C26-842B-DC68F8C954AF}.Debug|Any CPU.Build.0 = Debug|Any CPU
		{B6DE069D-F699-4C26-842B-DC68F8C954AF}.Debug|x64.ActiveCfg = Debug|Any CPU
		{B6DE069D-F699-4C26-842B-DC68F8C954AF}.Debug|x64.Build.0 = Debug|Any CPU
		{B6DE069D-F699-4C26-842B-DC68F8C954AF}.Debug|x86.ActiveCfg = Debug|Any CPU
		{B6DE069D-F699-4C26-842B-DC68F8C954AF}.Debug|x86.Build.0 = Debug|Any CPU
		{B6DE069D-F699-4C26-842B-DC68F8C954AF}.Release|Any CPU.ActiveCfg = Release|Any CPU
		{B6DE069D-F699-4C26-842B-DC68F8C954AF}.Release|Any CPU.Build.0 = Release|Any CPU
		{B6DE069D-F699-4C26-842B-DC68F8C954AF}.Release|x64.ActiveCfg = Release|Any CPU
		{B6DE069D-F699-4C26-842B-DC68F8C954AF}.Release|x64.Build.0 = Release|Any CPU
		{B6DE069D-F699-4C26-842B-DC68F8C954AF}.Release|x86.ActiveCfg = Release|Any CPU
		{B6DE069D-F699-4C26-842B-DC68F8C954AF}.Release|x86.Build.0 = Release|Any CPU
		{46391BB0-C8C8-4269-B103-6C7EB6031CAC}.Debug|Any CPU.ActiveCfg = Debug|Any CPU
		{46391BB0-C8C8-4269-B103-6C7EB6031CAC}.Debug|Any CPU.Build.0 = Debug|Any CPU
		{46391BB0-C8C8-4269-B103-6C7EB6031CAC}.Debug|x64.ActiveCfg = Debug|Any CPU
		{46391BB0-C8C8-4269-B103-6C7EB6031CAC}.Debug|x64.Build.0 = Debug|Any CPU
		{46391BB0-C8C8-4269-B103-6C7EB6031CAC}.Debug|x86.ActiveCfg = Debug|Any CPU
		{46391BB0-C8C8-4269-B103-6C7EB6031CAC}.Debug|x86.Build.0 = Debug|Any CPU
		{46391BB0-C8C8-4269-B103-6C7EB6031CAC}.Release|Any CPU.ActiveCfg = Release|Any CPU
		{46391BB0-C8C8-4269-B103-6C7EB6031CAC}.Release|Any CPU.Build.0 = Release|Any CPU
		{46391BB0-C8C8-4269-B103-6C7EB6031CAC}.Release|x64.ActiveCfg = Release|Any CPU
		{46391BB0-C8C8-4269-B103-6C7EB6031CAC}.Release|x64.Build.0 = Release|Any CPU
		{46391BB0-C8C8-4269-B103-6C7EB6031CAC}.Release|x86.ActiveCfg = Release|Any CPU
		{46391BB0-C8C8-4269-B103-6C7EB6031CAC}.Release|x86.Build.0 = Release|Any CPU
		{F2301EF3-59C4-4A64-9A82-741CC04E97F1}.Debug|Any CPU.ActiveCfg = Debug|Any CPU
		{F2301EF3-59C4-4A64-9A82-741CC04E97F1}.Debug|Any CPU.Build.0 = Debug|Any CPU
		{F2301EF3-59C4-4A64-9A82-741CC04E97F1}.Debug|x64.ActiveCfg = Debug|Any CPU
		{F2301EF3-59C4-4A64-9A82-741CC04E97F1}.Debug|x64.Build.0 = Debug|Any CPU
		{F2301EF3-59C4-4A64-9A82-741CC04E97F1}.Debug|x86.ActiveCfg = Debug|Any CPU
		{F2301EF3-59C4-4A64-9A82-741CC04E97F1}.Debug|x86.Build.0 = Debug|Any CPU
		{F2301EF3-59C4-4A64-9A82-741CC04E97F1}.Release|Any CPU.ActiveCfg = Release|Any CPU
		{F2301EF3-59C4-4A64-9A82-741CC04E97F1}.Release|Any CPU.Build.0 = Release|Any CPU
		{F2301EF3-59C4-4A64-9A82-741CC04E97F1}.Release|x64.ActiveCfg = Release|Any CPU
		{F2301EF3-59C4-4A64-9A82-741CC04E97F1}.Release|x64.Build.0 = Release|Any CPU
		{F2301EF3-59C4-4A64-9A82-741CC04E97F1}.Release|x86.ActiveCfg = Release|Any CPU
		{F2301EF3-59C4-4A64-9A82-741CC04E97F1}.Release|x86.Build.0 = Release|Any CPU
		{54AD47B4-2D94-4CE2-8EA8-595B178A140C}.Debug|Any CPU.ActiveCfg = Debug|Any CPU
		{54AD47B4-2D94-4CE2-8EA8-595B178A140C}.Debug|Any CPU.Build.0 = Debug|Any CPU
		{54AD47B4-2D94-4CE2-8EA8-595B178A140C}.Debug|x64.ActiveCfg = Debug|Any CPU
		{54AD47B4-2D94-4CE2-8EA8-595B178A140C}.Debug|x64.Build.0 = Debug|Any CPU
		{54AD47B4-2D94-4CE2-8EA8-595B178A140C}.Debug|x86.ActiveCfg = Debug|Any CPU
		{54AD47B4-2D94-4CE2-8EA8-595B178A140C}.Debug|x86.Build.0 = Debug|Any CPU
		{54AD47B4-2D94-4CE2-8EA8-595B178A140C}.Release|Any CPU.ActiveCfg = Release|Any CPU
		{54AD47B4-2D94-4CE2-8EA8-595B178A140C}.Release|Any CPU.Build.0 = Release|Any CPU
		{54AD47B4-2D94-4CE2-8EA8-595B178A140C}.Release|x64.ActiveCfg = Release|Any CPU
		{54AD47B4-2D94-4CE2-8EA8-595B178A140C}.Release|x64.Build.0 = Release|Any CPU
		{54AD47B4-2D94-4CE2-8EA8-595B178A140C}.Release|x86.ActiveCfg = Release|Any CPU
		{54AD47B4-2D94-4CE2-8EA8-595B178A140C}.Release|x86.Build.0 = Release|Any CPU
		{27E2C422-3BA9-443C-86A3-0A54811AB621}.Debug|Any CPU.ActiveCfg = Debug|Any CPU
		{27E2C422-3BA9-443C-86A3-0A54811AB621}.Debug|Any CPU.Build.0 = Debug|Any CPU
		{27E2C422-3BA9-443C-86A3-0A54811AB621}.Debug|x64.ActiveCfg = Debug|Any CPU
		{27E2C422-3BA9-443C-86A3-0A54811AB621}.Debug|x64.Build.0 = Debug|Any CPU
		{27E2C422-3BA9-443C-86A3-0A54811AB621}.Debug|x86.ActiveCfg = Debug|Any CPU
		{27E2C422-3BA9-443C-86A3-0A54811AB621}.Debug|x86.Build.0 = Debug|Any CPU
		{27E2C422-3BA9-443C-86A3-0A54811AB621}.Release|Any CPU.ActiveCfg = Release|Any CPU
		{27E2C422-3BA9-443C-86A3-0A54811AB621}.Release|Any CPU.Build.0 = Release|Any CPU
		{27E2C422-3BA9-443C-86A3-0A54811AB621}.Release|x64.ActiveCfg = Release|Any CPU
		{27E2C422-3BA9-443C-86A3-0A54811AB621}.Release|x64.Build.0 = Release|Any CPU
		{27E2C422-3BA9-443C-86A3-0A54811AB621}.Release|x86.ActiveCfg = Release|Any CPU
		{27E2C422-3BA9-443C-86A3-0A54811AB621}.Release|x86.Build.0 = Release|Any CPU
		{A7E4A1A9-E4A3-4BBD-9345-CEC3287CFAC1}.Debug|Any CPU.ActiveCfg = Debug|Any CPU
		{A7E4A1A9-E4A3-4BBD-9345-CEC3287CFAC1}.Debug|Any CPU.Build.0 = Debug|Any CPU
		{A7E4A1A9-E4A3-4BBD-9345-CEC3287CFAC1}.Debug|x64.ActiveCfg = Debug|Any CPU
		{A7E4A1A9-E4A3-4BBD-9345-CEC3287CFAC1}.Debug|x64.Build.0 = Debug|Any CPU
		{A7E4A1A9-E4A3-4BBD-9345-CEC3287CFAC1}.Debug|x86.ActiveCfg = Debug|Any CPU
		{A7E4A1A9-E4A3-4BBD-9345-CEC3287CFAC1}.Debug|x86.Build.0 = Debug|Any CPU
		{A7E4A1A9-E4A3-4BBD-9345-CEC3287CFAC1}.Release|Any CPU.ActiveCfg = Release|Any CPU
		{A7E4A1A9-E4A3-4BBD-9345-CEC3287CFAC1}.Release|Any CPU.Build.0 = Release|Any CPU
		{A7E4A1A9-E4A3-4BBD-9345-CEC3287CFAC1}.Release|x64.ActiveCfg = Release|Any CPU
		{A7E4A1A9-E4A3-4BBD-9345-CEC3287CFAC1}.Release|x64.Build.0 = Release|Any CPU
		{A7E4A1A9-E4A3-4BBD-9345-CEC3287CFAC1}.Release|x86.ActiveCfg = Release|Any CPU
		{A7E4A1A9-E4A3-4BBD-9345-CEC3287CFAC1}.Release|x86.Build.0 = Release|Any CPU
		{C1DD7ECB-B77C-4371-95C5-480E4320006F}.Debug|Any CPU.ActiveCfg = Debug|Any CPU
		{C1DD7ECB-B77C-4371-95C5-480E4320006F}.Debug|Any CPU.Build.0 = Debug|Any CPU
		{C1DD7ECB-B77C-4371-95C5-480E4320006F}.Debug|x64.ActiveCfg = Debug|Any CPU
		{C1DD7ECB-B77C-4371-95C5-480E4320006F}.Debug|x64.Build.0 = Debug|Any CPU
		{C1DD7ECB-B77C-4371-95C5-480E4320006F}.Debug|x86.ActiveCfg = Debug|Any CPU
		{C1DD7ECB-B77C-4371-95C5-480E4320006F}.Debug|x86.Build.0 = Debug|Any CPU
		{C1DD7ECB-B77C-4371-95C5-480E4320006F}.Release|Any CPU.ActiveCfg = Release|Any CPU
		{C1DD7ECB-B77C-4371-95C5-480E4320006F}.Release|Any CPU.Build.0 = Release|Any CPU
		{C1DD7ECB-B77C-4371-95C5-480E4320006F}.Release|x64.ActiveCfg = Release|Any CPU
		{C1DD7ECB-B77C-4371-95C5-480E4320006F}.Release|x64.Build.0 = Release|Any CPU
		{C1DD7ECB-B77C-4371-95C5-480E4320006F}.Release|x86.ActiveCfg = Release|Any CPU
		{C1DD7ECB-B77C-4371-95C5-480E4320006F}.Release|x86.Build.0 = Release|Any CPU
		{A628C764-3059-4637-87D0-74EB947AF4BF}.Debug|Any CPU.ActiveCfg = Debug|Any CPU
		{A628C764-3059-4637-87D0-74EB947AF4BF}.Debug|Any CPU.Build.0 = Debug|Any CPU
		{A628C764-3059-4637-87D0-74EB947AF4BF}.Debug|x64.ActiveCfg = Debug|Any CPU
		{A628C764-3059-4637-87D0-74EB947AF4BF}.Debug|x64.Build.0 = Debug|Any CPU
		{A628C764-3059-4637-87D0-74EB947AF4BF}.Debug|x86.ActiveCfg = Debug|Any CPU
		{A628C764-3059-4637-87D0-74EB947AF4BF}.Debug|x86.Build.0 = Debug|Any CPU
		{A628C764-3059-4637-87D0-74EB947AF4BF}.Release|Any CPU.ActiveCfg = Release|Any CPU
		{A628C764-3059-4637-87D0-74EB947AF4BF}.Release|Any CPU.Build.0 = Release|Any CPU
		{A628C764-3059-4637-87D0-74EB947AF4BF}.Release|x64.ActiveCfg = Release|Any CPU
		{A628C764-3059-4637-87D0-74EB947AF4BF}.Release|x64.Build.0 = Release|Any CPU
		{A628C764-3059-4637-87D0-74EB947AF4BF}.Release|x86.ActiveCfg = Release|Any CPU
		{A628C764-3059-4637-87D0-74EB947AF4BF}.Release|x86.Build.0 = Release|Any CPU
		{0D58A04E-88CF-4042-AB5C-1F4F8698DF50}.Debug|Any CPU.ActiveCfg = Debug|Any CPU
		{0D58A04E-88CF-4042-AB5C-1F4F8698DF50}.Debug|Any CPU.Build.0 = Debug|Any CPU
		{0D58A04E-88CF-4042-AB5C-1F4F8698DF50}.Debug|x64.ActiveCfg = Debug|Any CPU
		{0D58A04E-88CF-4042-AB5C-1F4F8698DF50}.Debug|x64.Build.0 = Debug|Any CPU
		{0D58A04E-88CF-4042-AB5C-1F4F8698DF50}.Debug|x86.ActiveCfg = Debug|Any CPU
		{0D58A04E-88CF-4042-AB5C-1F4F8698DF50}.Debug|x86.Build.0 = Debug|Any CPU
		{0D58A04E-88CF-4042-AB5C-1F4F8698DF50}.Release|Any CPU.ActiveCfg = Release|Any CPU
		{0D58A04E-88CF-4042-AB5C-1F4F8698DF50}.Release|Any CPU.Build.0 = Release|Any CPU
		{0D58A04E-88CF-4042-AB5C-1F4F8698DF50}.Release|x64.ActiveCfg = Release|Any CPU
		{0D58A04E-88CF-4042-AB5C-1F4F8698DF50}.Release|x64.Build.0 = Release|Any CPU
		{0D58A04E-88CF-4042-AB5C-1F4F8698DF50}.Release|x86.ActiveCfg = Release|Any CPU
		{0D58A04E-88CF-4042-AB5C-1F4F8698DF50}.Release|x86.Build.0 = Release|Any CPU
		{17D29CA6-109C-48E2-B839-307435293BB3}.Debug|Any CPU.ActiveCfg = Debug|Any CPU
		{17D29CA6-109C-48E2-B839-307435293BB3}.Debug|Any CPU.Build.0 = Debug|Any CPU
		{17D29CA6-109C-48E2-B839-307435293BB3}.Debug|x64.ActiveCfg = Debug|Any CPU
		{17D29CA6-109C-48E2-B839-307435293BB3}.Debug|x64.Build.0 = Debug|Any CPU
		{17D29CA6-109C-48E2-B839-307435293BB3}.Debug|x86.ActiveCfg = Debug|Any CPU
		{17D29CA6-109C-48E2-B839-307435293BB3}.Debug|x86.Build.0 = Debug|Any CPU
		{17D29CA6-109C-48E2-B839-307435293BB3}.Release|Any CPU.ActiveCfg = Release|Any CPU
		{17D29CA6-109C-48E2-B839-307435293BB3}.Release|Any CPU.Build.0 = Release|Any CPU
		{17D29CA6-109C-48E2-B839-307435293BB3}.Release|x64.ActiveCfg = Release|Any CPU
		{17D29CA6-109C-48E2-B839-307435293BB3}.Release|x64.Build.0 = Release|Any CPU
		{17D29CA6-109C-48E2-B839-307435293BB3}.Release|x86.ActiveCfg = Release|Any CPU
		{17D29CA6-109C-48E2-B839-307435293BB3}.Release|x86.Build.0 = Release|Any CPU
		{6EB2BA6D-C8D1-4505-B5F3-A40443D51479}.Debug|Any CPU.ActiveCfg = Debug|Any CPU
		{6EB2BA6D-C8D1-4505-B5F3-A40443D51479}.Debug|Any CPU.Build.0 = Debug|Any CPU
		{6EB2BA6D-C8D1-4505-B5F3-A40443D51479}.Debug|x64.ActiveCfg = Debug|Any CPU
		{6EB2BA6D-C8D1-4505-B5F3-A40443D51479}.Debug|x64.Build.0 = Debug|Any CPU
		{6EB2BA6D-C8D1-4505-B5F3-A40443D51479}.Debug|x86.ActiveCfg = Debug|Any CPU
		{6EB2BA6D-C8D1-4505-B5F3-A40443D51479}.Debug|x86.Build.0 = Debug|Any CPU
		{6EB2BA6D-C8D1-4505-B5F3-A40443D51479}.Release|Any CPU.ActiveCfg = Release|Any CPU
		{6EB2BA6D-C8D1-4505-B5F3-A40443D51479}.Release|Any CPU.Build.0 = Release|Any CPU
		{6EB2BA6D-C8D1-4505-B5F3-A40443D51479}.Release|x64.ActiveCfg = Release|Any CPU
		{6EB2BA6D-C8D1-4505-B5F3-A40443D51479}.Release|x64.Build.0 = Release|Any CPU
		{6EB2BA6D-C8D1-4505-B5F3-A40443D51479}.Release|x86.ActiveCfg = Release|Any CPU
		{6EB2BA6D-C8D1-4505-B5F3-A40443D51479}.Release|x86.Build.0 = Release|Any CPU
		{4D2B7614-7EEF-436C-B768-69B93AC9DA5E}.Debug|Any CPU.ActiveCfg = Debug|Any CPU
		{4D2B7614-7EEF-436C-B768-69B93AC9DA5E}.Debug|Any CPU.Build.0 = Debug|Any CPU
		{4D2B7614-7EEF-436C-B768-69B93AC9DA5E}.Debug|x64.ActiveCfg = Debug|Any CPU
		{4D2B7614-7EEF-436C-B768-69B93AC9DA5E}.Debug|x64.Build.0 = Debug|Any CPU
		{4D2B7614-7EEF-436C-B768-69B93AC9DA5E}.Debug|x86.ActiveCfg = Debug|Any CPU
		{4D2B7614-7EEF-436C-B768-69B93AC9DA5E}.Debug|x86.Build.0 = Debug|Any CPU
		{4D2B7614-7EEF-436C-B768-69B93AC9DA5E}.Release|Any CPU.ActiveCfg = Release|Any CPU
		{4D2B7614-7EEF-436C-B768-69B93AC9DA5E}.Release|Any CPU.Build.0 = Release|Any CPU
		{4D2B7614-7EEF-436C-B768-69B93AC9DA5E}.Release|x64.ActiveCfg = Release|Any CPU
		{4D2B7614-7EEF-436C-B768-69B93AC9DA5E}.Release|x64.Build.0 = Release|Any CPU
		{4D2B7614-7EEF-436C-B768-69B93AC9DA5E}.Release|x86.ActiveCfg = Release|Any CPU
		{4D2B7614-7EEF-436C-B768-69B93AC9DA5E}.Release|x86.Build.0 = Release|Any CPU
		{7A09DAE0-FE5B-4372-966C-9B239140567F}.Debug|Any CPU.ActiveCfg = Debug|Any CPU
		{7A09DAE0-FE5B-4372-966C-9B239140567F}.Debug|Any CPU.Build.0 = Debug|Any CPU
		{7A09DAE0-FE5B-4372-966C-9B239140567F}.Debug|x64.ActiveCfg = Debug|Any CPU
		{7A09DAE0-FE5B-4372-966C-9B239140567F}.Debug|x64.Build.0 = Debug|Any CPU
		{7A09DAE0-FE5B-4372-966C-9B239140567F}.Debug|x86.ActiveCfg = Debug|Any CPU
		{7A09DAE0-FE5B-4372-966C-9B239140567F}.Debug|x86.Build.0 = Debug|Any CPU
		{7A09DAE0-FE5B-4372-966C-9B239140567F}.Release|Any CPU.ActiveCfg = Release|Any CPU
		{7A09DAE0-FE5B-4372-966C-9B239140567F}.Release|Any CPU.Build.0 = Release|Any CPU
		{7A09DAE0-FE5B-4372-966C-9B239140567F}.Release|x64.ActiveCfg = Release|Any CPU
		{7A09DAE0-FE5B-4372-966C-9B239140567F}.Release|x64.Build.0 = Release|Any CPU
		{7A09DAE0-FE5B-4372-966C-9B239140567F}.Release|x86.ActiveCfg = Release|Any CPU
		{7A09DAE0-FE5B-4372-966C-9B239140567F}.Release|x86.Build.0 = Release|Any CPU
		{72F2EEF7-E3E6-4BAC-A3EE-0C9E7FC6B991}.Debug|Any CPU.ActiveCfg = Debug|Any CPU
		{72F2EEF7-E3E6-4BAC-A3EE-0C9E7FC6B991}.Debug|Any CPU.Build.0 = Debug|Any CPU
		{72F2EEF7-E3E6-4BAC-A3EE-0C9E7FC6B991}.Debug|x64.ActiveCfg = Debug|Any CPU
		{72F2EEF7-E3E6-4BAC-A3EE-0C9E7FC6B991}.Debug|x64.Build.0 = Debug|Any CPU
		{72F2EEF7-E3E6-4BAC-A3EE-0C9E7FC6B991}.Debug|x86.ActiveCfg = Debug|Any CPU
		{72F2EEF7-E3E6-4BAC-A3EE-0C9E7FC6B991}.Debug|x86.Build.0 = Debug|Any CPU
		{72F2EEF7-E3E6-4BAC-A3EE-0C9E7FC6B991}.Release|Any CPU.ActiveCfg = Release|Any CPU
		{72F2EEF7-E3E6-4BAC-A3EE-0C9E7FC6B991}.Release|Any CPU.Build.0 = Release|Any CPU
		{72F2EEF7-E3E6-4BAC-A3EE-0C9E7FC6B991}.Release|x64.ActiveCfg = Release|Any CPU
		{72F2EEF7-E3E6-4BAC-A3EE-0C9E7FC6B991}.Release|x64.Build.0 = Release|Any CPU
		{72F2EEF7-E3E6-4BAC-A3EE-0C9E7FC6B991}.Release|x86.ActiveCfg = Release|Any CPU
		{72F2EEF7-E3E6-4BAC-A3EE-0C9E7FC6B991}.Release|x86.Build.0 = Release|Any CPU
		{750545FC-261D-401F-8BB9-936E221010BC}.Debug|Any CPU.ActiveCfg = Debug|Any CPU
		{750545FC-261D-401F-8BB9-936E221010BC}.Debug|Any CPU.Build.0 = Debug|Any CPU
		{750545FC-261D-401F-8BB9-936E221010BC}.Debug|x64.ActiveCfg = Debug|Any CPU
		{750545FC-261D-401F-8BB9-936E221010BC}.Debug|x64.Build.0 = Debug|Any CPU
		{750545FC-261D-401F-8BB9-936E221010BC}.Debug|x86.ActiveCfg = Debug|Any CPU
		{750545FC-261D-401F-8BB9-936E221010BC}.Debug|x86.Build.0 = Debug|Any CPU
		{750545FC-261D-401F-8BB9-936E221010BC}.Release|Any CPU.ActiveCfg = Release|Any CPU
		{750545FC-261D-401F-8BB9-936E221010BC}.Release|Any CPU.Build.0 = Release|Any CPU
		{750545FC-261D-401F-8BB9-936E221010BC}.Release|x64.ActiveCfg = Release|Any CPU
		{750545FC-261D-401F-8BB9-936E221010BC}.Release|x64.Build.0 = Release|Any CPU
		{750545FC-261D-401F-8BB9-936E221010BC}.Release|x86.ActiveCfg = Release|Any CPU
		{750545FC-261D-401F-8BB9-936E221010BC}.Release|x86.Build.0 = Release|Any CPU
		{6893F4C3-1AAA-41CF-8252-8F3B06510C7F}.Debug|Any CPU.ActiveCfg = Debug|Any CPU
		{6893F4C3-1AAA-41CF-8252-8F3B06510C7F}.Debug|Any CPU.Build.0 = Debug|Any CPU
		{6893F4C3-1AAA-41CF-8252-8F3B06510C7F}.Debug|x64.ActiveCfg = Debug|Any CPU
		{6893F4C3-1AAA-41CF-8252-8F3B06510C7F}.Debug|x64.Build.0 = Debug|Any CPU
		{6893F4C3-1AAA-41CF-8252-8F3B06510C7F}.Debug|x86.ActiveCfg = Debug|Any CPU
		{6893F4C3-1AAA-41CF-8252-8F3B06510C7F}.Debug|x86.Build.0 = Debug|Any CPU
		{6893F4C3-1AAA-41CF-8252-8F3B06510C7F}.Release|Any CPU.ActiveCfg = Release|Any CPU
		{6893F4C3-1AAA-41CF-8252-8F3B06510C7F}.Release|Any CPU.Build.0 = Release|Any CPU
		{6893F4C3-1AAA-41CF-8252-8F3B06510C7F}.Release|x64.ActiveCfg = Release|Any CPU
		{6893F4C3-1AAA-41CF-8252-8F3B06510C7F}.Release|x64.Build.0 = Release|Any CPU
		{6893F4C3-1AAA-41CF-8252-8F3B06510C7F}.Release|x86.ActiveCfg = Release|Any CPU
		{6893F4C3-1AAA-41CF-8252-8F3B06510C7F}.Release|x86.Build.0 = Release|Any CPU
		{BFAC9F66-A131-48FC-8095-A898AADDA911}.Debug|Any CPU.ActiveCfg = Debug|Any CPU
		{BFAC9F66-A131-48FC-8095-A898AADDA911}.Debug|Any CPU.Build.0 = Debug|Any CPU
		{BFAC9F66-A131-48FC-8095-A898AADDA911}.Debug|x64.ActiveCfg = Debug|Any CPU
		{BFAC9F66-A131-48FC-8095-A898AADDA911}.Debug|x64.Build.0 = Debug|Any CPU
		{BFAC9F66-A131-48FC-8095-A898AADDA911}.Debug|x86.ActiveCfg = Debug|Any CPU
		{BFAC9F66-A131-48FC-8095-A898AADDA911}.Debug|x86.Build.0 = Debug|Any CPU
		{BFAC9F66-A131-48FC-8095-A898AADDA911}.Release|Any CPU.ActiveCfg = Release|Any CPU
		{BFAC9F66-A131-48FC-8095-A898AADDA911}.Release|Any CPU.Build.0 = Release|Any CPU
		{BFAC9F66-A131-48FC-8095-A898AADDA911}.Release|x64.ActiveCfg = Release|Any CPU
		{BFAC9F66-A131-48FC-8095-A898AADDA911}.Release|x64.Build.0 = Release|Any CPU
		{BFAC9F66-A131-48FC-8095-A898AADDA911}.Release|x86.ActiveCfg = Release|Any CPU
		{BFAC9F66-A131-48FC-8095-A898AADDA911}.Release|x86.Build.0 = Release|Any CPU
		{2E5852E6-6879-44DF-800E-5B0D0AEDE000}.Debug|Any CPU.ActiveCfg = Debug|Any CPU
		{2E5852E6-6879-44DF-800E-5B0D0AEDE000}.Debug|Any CPU.Build.0 = Debug|Any CPU
		{2E5852E6-6879-44DF-800E-5B0D0AEDE000}.Debug|x64.ActiveCfg = Debug|Any CPU
		{2E5852E6-6879-44DF-800E-5B0D0AEDE000}.Debug|x64.Build.0 = Debug|Any CPU
		{2E5852E6-6879-44DF-800E-5B0D0AEDE000}.Debug|x86.ActiveCfg = Debug|Any CPU
		{2E5852E6-6879-44DF-800E-5B0D0AEDE000}.Debug|x86.Build.0 = Debug|Any CPU
		{2E5852E6-6879-44DF-800E-5B0D0AEDE000}.Release|Any CPU.ActiveCfg = Release|Any CPU
		{2E5852E6-6879-44DF-800E-5B0D0AEDE000}.Release|Any CPU.Build.0 = Release|Any CPU
		{2E5852E6-6879-44DF-800E-5B0D0AEDE000}.Release|x64.ActiveCfg = Release|Any CPU
		{2E5852E6-6879-44DF-800E-5B0D0AEDE000}.Release|x64.Build.0 = Release|Any CPU
		{2E5852E6-6879-44DF-800E-5B0D0AEDE000}.Release|x86.ActiveCfg = Release|Any CPU
		{2E5852E6-6879-44DF-800E-5B0D0AEDE000}.Release|x86.Build.0 = Release|Any CPU
		{582FDBFE-F89D-4BF2-9CC4-F8E68283BD29}.Debug|Any CPU.ActiveCfg = Debug|Any CPU
		{582FDBFE-F89D-4BF2-9CC4-F8E68283BD29}.Debug|Any CPU.Build.0 = Debug|Any CPU
		{582FDBFE-F89D-4BF2-9CC4-F8E68283BD29}.Debug|x64.ActiveCfg = Debug|Any CPU
		{582FDBFE-F89D-4BF2-9CC4-F8E68283BD29}.Debug|x64.Build.0 = Debug|Any CPU
		{582FDBFE-F89D-4BF2-9CC4-F8E68283BD29}.Debug|x86.ActiveCfg = Debug|Any CPU
		{582FDBFE-F89D-4BF2-9CC4-F8E68283BD29}.Debug|x86.Build.0 = Debug|Any CPU
		{582FDBFE-F89D-4BF2-9CC4-F8E68283BD29}.Release|Any CPU.ActiveCfg = Release|Any CPU
		{582FDBFE-F89D-4BF2-9CC4-F8E68283BD29}.Release|Any CPU.Build.0 = Release|Any CPU
		{582FDBFE-F89D-4BF2-9CC4-F8E68283BD29}.Release|x64.ActiveCfg = Release|Any CPU
		{582FDBFE-F89D-4BF2-9CC4-F8E68283BD29}.Release|x64.Build.0 = Release|Any CPU
		{582FDBFE-F89D-4BF2-9CC4-F8E68283BD29}.Release|x86.ActiveCfg = Release|Any CPU
		{582FDBFE-F89D-4BF2-9CC4-F8E68283BD29}.Release|x86.Build.0 = Release|Any CPU
		{56853E25-93E7-4949-B7FF-7D60A75AD073}.Debug|Any CPU.ActiveCfg = Debug|Any CPU
		{56853E25-93E7-4949-B7FF-7D60A75AD073}.Debug|Any CPU.Build.0 = Debug|Any CPU
		{56853E25-93E7-4949-B7FF-7D60A75AD073}.Debug|x64.ActiveCfg = Debug|Any CPU
		{56853E25-93E7-4949-B7FF-7D60A75AD073}.Debug|x64.Build.0 = Debug|Any CPU
		{56853E25-93E7-4949-B7FF-7D60A75AD073}.Debug|x86.ActiveCfg = Debug|Any CPU
		{56853E25-93E7-4949-B7FF-7D60A75AD073}.Debug|x86.Build.0 = Debug|Any CPU
		{56853E25-93E7-4949-B7FF-7D60A75AD073}.Release|Any CPU.ActiveCfg = Release|Any CPU
		{56853E25-93E7-4949-B7FF-7D60A75AD073}.Release|Any CPU.Build.0 = Release|Any CPU
		{56853E25-93E7-4949-B7FF-7D60A75AD073}.Release|x64.ActiveCfg = Release|Any CPU
		{56853E25-93E7-4949-B7FF-7D60A75AD073}.Release|x64.Build.0 = Release|Any CPU
		{56853E25-93E7-4949-B7FF-7D60A75AD073}.Release|x86.ActiveCfg = Release|Any CPU
		{56853E25-93E7-4949-B7FF-7D60A75AD073}.Release|x86.Build.0 = Release|Any CPU
		{C4A1FCEC-961F-444E-9535-699E300D6C2C}.Debug|Any CPU.ActiveCfg = Debug|Any CPU
		{C4A1FCEC-961F-444E-9535-699E300D6C2C}.Debug|Any CPU.Build.0 = Debug|Any CPU
		{C4A1FCEC-961F-444E-9535-699E300D6C2C}.Debug|x64.ActiveCfg = Debug|Any CPU
		{C4A1FCEC-961F-444E-9535-699E300D6C2C}.Debug|x64.Build.0 = Debug|Any CPU
		{C4A1FCEC-961F-444E-9535-699E300D6C2C}.Debug|x86.ActiveCfg = Debug|Any CPU
		{C4A1FCEC-961F-444E-9535-699E300D6C2C}.Debug|x86.Build.0 = Debug|Any CPU
		{C4A1FCEC-961F-444E-9535-699E300D6C2C}.Release|Any CPU.ActiveCfg = Release|Any CPU
		{C4A1FCEC-961F-444E-9535-699E300D6C2C}.Release|Any CPU.Build.0 = Release|Any CPU
		{C4A1FCEC-961F-444E-9535-699E300D6C2C}.Release|x64.ActiveCfg = Release|Any CPU
		{C4A1FCEC-961F-444E-9535-699E300D6C2C}.Release|x64.Build.0 = Release|Any CPU
		{C4A1FCEC-961F-444E-9535-699E300D6C2C}.Release|x86.ActiveCfg = Release|Any CPU
		{C4A1FCEC-961F-444E-9535-699E300D6C2C}.Release|x86.Build.0 = Release|Any CPU
		{AA776FA9-6D36-4297-82AC-057A025451B1}.Debug|Any CPU.ActiveCfg = Debug|Any CPU
		{AA776FA9-6D36-4297-82AC-057A025451B1}.Debug|Any CPU.Build.0 = Debug|Any CPU
		{AA776FA9-6D36-4297-82AC-057A025451B1}.Debug|x64.ActiveCfg = Debug|Any CPU
		{AA776FA9-6D36-4297-82AC-057A025451B1}.Debug|x64.Build.0 = Debug|Any CPU
		{AA776FA9-6D36-4297-82AC-057A025451B1}.Debug|x86.ActiveCfg = Debug|Any CPU
		{AA776FA9-6D36-4297-82AC-057A025451B1}.Debug|x86.Build.0 = Debug|Any CPU
		{AA776FA9-6D36-4297-82AC-057A025451B1}.Release|Any CPU.ActiveCfg = Release|Any CPU
		{AA776FA9-6D36-4297-82AC-057A025451B1}.Release|Any CPU.Build.0 = Release|Any CPU
		{AA776FA9-6D36-4297-82AC-057A025451B1}.Release|x64.ActiveCfg = Release|Any CPU
		{AA776FA9-6D36-4297-82AC-057A025451B1}.Release|x64.Build.0 = Release|Any CPU
		{AA776FA9-6D36-4297-82AC-057A025451B1}.Release|x86.ActiveCfg = Release|Any CPU
		{AA776FA9-6D36-4297-82AC-057A025451B1}.Release|x86.Build.0 = Release|Any CPU
		{85B9EE9F-6CEF-46B9-8369-EF606E396DAB}.Debug|Any CPU.ActiveCfg = Debug|Any CPU
		{85B9EE9F-6CEF-46B9-8369-EF606E396DAB}.Debug|Any CPU.Build.0 = Debug|Any CPU
		{85B9EE9F-6CEF-46B9-8369-EF606E396DAB}.Debug|x64.ActiveCfg = Debug|Any CPU
		{85B9EE9F-6CEF-46B9-8369-EF606E396DAB}.Debug|x64.Build.0 = Debug|Any CPU
		{85B9EE9F-6CEF-46B9-8369-EF606E396DAB}.Debug|x86.ActiveCfg = Debug|Any CPU
		{85B9EE9F-6CEF-46B9-8369-EF606E396DAB}.Debug|x86.Build.0 = Debug|Any CPU
		{85B9EE9F-6CEF-46B9-8369-EF606E396DAB}.Release|Any CPU.ActiveCfg = Release|Any CPU
		{85B9EE9F-6CEF-46B9-8369-EF606E396DAB}.Release|Any CPU.Build.0 = Release|Any CPU
		{85B9EE9F-6CEF-46B9-8369-EF606E396DAB}.Release|x64.ActiveCfg = Release|Any CPU
		{85B9EE9F-6CEF-46B9-8369-EF606E396DAB}.Release|x64.Build.0 = Release|Any CPU
		{85B9EE9F-6CEF-46B9-8369-EF606E396DAB}.Release|x86.ActiveCfg = Release|Any CPU
		{85B9EE9F-6CEF-46B9-8369-EF606E396DAB}.Release|x86.Build.0 = Release|Any CPU
		{4DA0A8D3-A93E-4742-B76A-EE46ADD79C43}.Debug|Any CPU.ActiveCfg = Debug|Any CPU
		{4DA0A8D3-A93E-4742-B76A-EE46ADD79C43}.Debug|Any CPU.Build.0 = Debug|Any CPU
		{4DA0A8D3-A93E-4742-B76A-EE46ADD79C43}.Debug|x64.ActiveCfg = Debug|Any CPU
		{4DA0A8D3-A93E-4742-B76A-EE46ADD79C43}.Debug|x64.Build.0 = Debug|Any CPU
		{4DA0A8D3-A93E-4742-B76A-EE46ADD79C43}.Debug|x86.ActiveCfg = Debug|Any CPU
		{4DA0A8D3-A93E-4742-B76A-EE46ADD79C43}.Debug|x86.Build.0 = Debug|Any CPU
		{4DA0A8D3-A93E-4742-B76A-EE46ADD79C43}.Release|Any CPU.ActiveCfg = Release|Any CPU
		{4DA0A8D3-A93E-4742-B76A-EE46ADD79C43}.Release|Any CPU.Build.0 = Release|Any CPU
		{4DA0A8D3-A93E-4742-B76A-EE46ADD79C43}.Release|x64.ActiveCfg = Release|Any CPU
		{4DA0A8D3-A93E-4742-B76A-EE46ADD79C43}.Release|x64.Build.0 = Release|Any CPU
		{4DA0A8D3-A93E-4742-B76A-EE46ADD79C43}.Release|x86.ActiveCfg = Release|Any CPU
		{4DA0A8D3-A93E-4742-B76A-EE46ADD79C43}.Release|x86.Build.0 = Release|Any CPU
		{B58217DF-D185-4988-96A6-721B9DC00083}.Debug|Any CPU.ActiveCfg = Debug|Any CPU
		{B58217DF-D185-4988-96A6-721B9DC00083}.Debug|Any CPU.Build.0 = Debug|Any CPU
		{B58217DF-D185-4988-96A6-721B9DC00083}.Debug|x64.ActiveCfg = Debug|Any CPU
		{B58217DF-D185-4988-96A6-721B9DC00083}.Debug|x64.Build.0 = Debug|Any CPU
		{B58217DF-D185-4988-96A6-721B9DC00083}.Debug|x86.ActiveCfg = Debug|Any CPU
		{B58217DF-D185-4988-96A6-721B9DC00083}.Debug|x86.Build.0 = Debug|Any CPU
		{B58217DF-D185-4988-96A6-721B9DC00083}.Release|Any CPU.ActiveCfg = Release|Any CPU
		{B58217DF-D185-4988-96A6-721B9DC00083}.Release|Any CPU.Build.0 = Release|Any CPU
		{B58217DF-D185-4988-96A6-721B9DC00083}.Release|x64.ActiveCfg = Release|Any CPU
		{B58217DF-D185-4988-96A6-721B9DC00083}.Release|x64.Build.0 = Release|Any CPU
		{B58217DF-D185-4988-96A6-721B9DC00083}.Release|x86.ActiveCfg = Release|Any CPU
		{B58217DF-D185-4988-96A6-721B9DC00083}.Release|x86.Build.0 = Release|Any CPU
		{017866AA-FF69-4FDC-B76B-9B427CCC78F8}.Debug|Any CPU.ActiveCfg = Debug|Any CPU
		{017866AA-FF69-4FDC-B76B-9B427CCC78F8}.Debug|Any CPU.Build.0 = Debug|Any CPU
		{017866AA-FF69-4FDC-B76B-9B427CCC78F8}.Debug|x64.ActiveCfg = Debug|Any CPU
		{017866AA-FF69-4FDC-B76B-9B427CCC78F8}.Debug|x64.Build.0 = Debug|Any CPU
		{017866AA-FF69-4FDC-B76B-9B427CCC78F8}.Debug|x86.ActiveCfg = Debug|Any CPU
		{017866AA-FF69-4FDC-B76B-9B427CCC78F8}.Debug|x86.Build.0 = Debug|Any CPU
		{017866AA-FF69-4FDC-B76B-9B427CCC78F8}.Release|Any CPU.ActiveCfg = Release|Any CPU
		{017866AA-FF69-4FDC-B76B-9B427CCC78F8}.Release|Any CPU.Build.0 = Release|Any CPU
		{017866AA-FF69-4FDC-B76B-9B427CCC78F8}.Release|x64.ActiveCfg = Release|Any CPU
		{017866AA-FF69-4FDC-B76B-9B427CCC78F8}.Release|x64.Build.0 = Release|Any CPU
		{017866AA-FF69-4FDC-B76B-9B427CCC78F8}.Release|x86.ActiveCfg = Release|Any CPU
		{017866AA-FF69-4FDC-B76B-9B427CCC78F8}.Release|x86.Build.0 = Release|Any CPU
		{1A9E9DE1-0C7F-4F07-A3AC-7336A2BBCB7E}.Debug|Any CPU.ActiveCfg = Debug|Any CPU
		{1A9E9DE1-0C7F-4F07-A3AC-7336A2BBCB7E}.Debug|Any CPU.Build.0 = Debug|Any CPU
		{1A9E9DE1-0C7F-4F07-A3AC-7336A2BBCB7E}.Debug|x64.ActiveCfg = Debug|Any CPU
		{1A9E9DE1-0C7F-4F07-A3AC-7336A2BBCB7E}.Debug|x64.Build.0 = Debug|Any CPU
		{1A9E9DE1-0C7F-4F07-A3AC-7336A2BBCB7E}.Debug|x86.ActiveCfg = Debug|Any CPU
		{1A9E9DE1-0C7F-4F07-A3AC-7336A2BBCB7E}.Debug|x86.Build.0 = Debug|Any CPU
		{1A9E9DE1-0C7F-4F07-A3AC-7336A2BBCB7E}.Release|Any CPU.ActiveCfg = Release|Any CPU
		{1A9E9DE1-0C7F-4F07-A3AC-7336A2BBCB7E}.Release|Any CPU.Build.0 = Release|Any CPU
		{1A9E9DE1-0C7F-4F07-A3AC-7336A2BBCB7E}.Release|x64.ActiveCfg = Release|Any CPU
		{1A9E9DE1-0C7F-4F07-A3AC-7336A2BBCB7E}.Release|x64.Build.0 = Release|Any CPU
		{1A9E9DE1-0C7F-4F07-A3AC-7336A2BBCB7E}.Release|x86.ActiveCfg = Release|Any CPU
		{1A9E9DE1-0C7F-4F07-A3AC-7336A2BBCB7E}.Release|x86.Build.0 = Release|Any CPU
		{788ECCE0-EE83-4204-B285-C92951B39756}.Debug|Any CPU.ActiveCfg = Debug|Any CPU
		{788ECCE0-EE83-4204-B285-C92951B39756}.Debug|Any CPU.Build.0 = Debug|Any CPU
		{788ECCE0-EE83-4204-B285-C92951B39756}.Debug|x64.ActiveCfg = Debug|Any CPU
		{788ECCE0-EE83-4204-B285-C92951B39756}.Debug|x64.Build.0 = Debug|Any CPU
		{788ECCE0-EE83-4204-B285-C92951B39756}.Debug|x86.ActiveCfg = Debug|Any CPU
		{788ECCE0-EE83-4204-B285-C92951B39756}.Debug|x86.Build.0 = Debug|Any CPU
		{788ECCE0-EE83-4204-B285-C92951B39756}.Release|Any CPU.ActiveCfg = Release|Any CPU
		{788ECCE0-EE83-4204-B285-C92951B39756}.Release|Any CPU.Build.0 = Release|Any CPU
		{788ECCE0-EE83-4204-B285-C92951B39756}.Release|x64.ActiveCfg = Release|Any CPU
		{788ECCE0-EE83-4204-B285-C92951B39756}.Release|x64.Build.0 = Release|Any CPU
		{788ECCE0-EE83-4204-B285-C92951B39756}.Release|x86.ActiveCfg = Release|Any CPU
		{788ECCE0-EE83-4204-B285-C92951B39756}.Release|x86.Build.0 = Release|Any CPU
		{F6D3B5E4-4B30-4D6A-B11A-7F6434F89104}.Debug|Any CPU.ActiveCfg = Debug|Any CPU
		{F6D3B5E4-4B30-4D6A-B11A-7F6434F89104}.Debug|Any CPU.Build.0 = Debug|Any CPU
		{F6D3B5E4-4B30-4D6A-B11A-7F6434F89104}.Debug|x64.ActiveCfg = Debug|Any CPU
		{F6D3B5E4-4B30-4D6A-B11A-7F6434F89104}.Debug|x64.Build.0 = Debug|Any CPU
		{F6D3B5E4-4B30-4D6A-B11A-7F6434F89104}.Debug|x86.ActiveCfg = Debug|Any CPU
		{F6D3B5E4-4B30-4D6A-B11A-7F6434F89104}.Debug|x86.Build.0 = Debug|Any CPU
		{F6D3B5E4-4B30-4D6A-B11A-7F6434F89104}.Release|Any CPU.ActiveCfg = Release|Any CPU
		{F6D3B5E4-4B30-4D6A-B11A-7F6434F89104}.Release|Any CPU.Build.0 = Release|Any CPU
		{F6D3B5E4-4B30-4D6A-B11A-7F6434F89104}.Release|x64.ActiveCfg = Release|Any CPU
		{F6D3B5E4-4B30-4D6A-B11A-7F6434F89104}.Release|x64.Build.0 = Release|Any CPU
		{F6D3B5E4-4B30-4D6A-B11A-7F6434F89104}.Release|x86.ActiveCfg = Release|Any CPU
		{F6D3B5E4-4B30-4D6A-B11A-7F6434F89104}.Release|x86.Build.0 = Release|Any CPU
		{7D4FD76C-014D-452D-A744-2A25D23FF83A}.Debug|Any CPU.ActiveCfg = Debug|Any CPU
		{7D4FD76C-014D-452D-A744-2A25D23FF83A}.Debug|Any CPU.Build.0 = Debug|Any CPU
		{7D4FD76C-014D-452D-A744-2A25D23FF83A}.Debug|x64.ActiveCfg = Debug|Any CPU
		{7D4FD76C-014D-452D-A744-2A25D23FF83A}.Debug|x64.Build.0 = Debug|Any CPU
		{7D4FD76C-014D-452D-A744-2A25D23FF83A}.Debug|x86.ActiveCfg = Debug|Any CPU
		{7D4FD76C-014D-452D-A744-2A25D23FF83A}.Debug|x86.Build.0 = Debug|Any CPU
		{7D4FD76C-014D-452D-A744-2A25D23FF83A}.Release|Any CPU.ActiveCfg = Release|Any CPU
		{7D4FD76C-014D-452D-A744-2A25D23FF83A}.Release|Any CPU.Build.0 = Release|Any CPU
		{7D4FD76C-014D-452D-A744-2A25D23FF83A}.Release|x64.ActiveCfg = Release|Any CPU
		{7D4FD76C-014D-452D-A744-2A25D23FF83A}.Release|x64.Build.0 = Release|Any CPU
		{7D4FD76C-014D-452D-A744-2A25D23FF83A}.Release|x86.ActiveCfg = Release|Any CPU
		{7D4FD76C-014D-452D-A744-2A25D23FF83A}.Release|x86.Build.0 = Release|Any CPU
		{9A03E3C8-280A-4850-88A5-C754A0CDE34C}.Debug|Any CPU.ActiveCfg = Debug|Any CPU
		{9A03E3C8-280A-4850-88A5-C754A0CDE34C}.Debug|Any CPU.Build.0 = Debug|Any CPU
		{9A03E3C8-280A-4850-88A5-C754A0CDE34C}.Debug|x64.ActiveCfg = Debug|Any CPU
		{9A03E3C8-280A-4850-88A5-C754A0CDE34C}.Debug|x64.Build.0 = Debug|Any CPU
		{9A03E3C8-280A-4850-88A5-C754A0CDE34C}.Debug|x86.ActiveCfg = Debug|Any CPU
		{9A03E3C8-280A-4850-88A5-C754A0CDE34C}.Debug|x86.Build.0 = Debug|Any CPU
		{9A03E3C8-280A-4850-88A5-C754A0CDE34C}.Release|Any CPU.ActiveCfg = Release|Any CPU
		{9A03E3C8-280A-4850-88A5-C754A0CDE34C}.Release|Any CPU.Build.0 = Release|Any CPU
		{9A03E3C8-280A-4850-88A5-C754A0CDE34C}.Release|x64.ActiveCfg = Release|Any CPU
		{9A03E3C8-280A-4850-88A5-C754A0CDE34C}.Release|x64.Build.0 = Release|Any CPU
		{9A03E3C8-280A-4850-88A5-C754A0CDE34C}.Release|x86.ActiveCfg = Release|Any CPU
		{9A03E3C8-280A-4850-88A5-C754A0CDE34C}.Release|x86.Build.0 = Release|Any CPU
		{5B479D56-7881-4917-9A5C-FDC186472021}.Debug|Any CPU.ActiveCfg = Debug|Any CPU
		{5B479D56-7881-4917-9A5C-FDC186472021}.Debug|Any CPU.Build.0 = Debug|Any CPU
		{5B479D56-7881-4917-9A5C-FDC186472021}.Debug|x64.ActiveCfg = Debug|Any CPU
		{5B479D56-7881-4917-9A5C-FDC186472021}.Debug|x64.Build.0 = Debug|Any CPU
		{5B479D56-7881-4917-9A5C-FDC186472021}.Debug|x86.ActiveCfg = Debug|Any CPU
		{5B479D56-7881-4917-9A5C-FDC186472021}.Debug|x86.Build.0 = Debug|Any CPU
		{5B479D56-7881-4917-9A5C-FDC186472021}.Release|Any CPU.ActiveCfg = Release|Any CPU
		{5B479D56-7881-4917-9A5C-FDC186472021}.Release|Any CPU.Build.0 = Release|Any CPU
		{5B479D56-7881-4917-9A5C-FDC186472021}.Release|x64.ActiveCfg = Release|Any CPU
		{5B479D56-7881-4917-9A5C-FDC186472021}.Release|x64.Build.0 = Release|Any CPU
		{5B479D56-7881-4917-9A5C-FDC186472021}.Release|x86.ActiveCfg = Release|Any CPU
		{5B479D56-7881-4917-9A5C-FDC186472021}.Release|x86.Build.0 = Release|Any CPU
		{75125546-5551-481B-88F7-C6D778614A15}.Debug|Any CPU.ActiveCfg = Debug|Any CPU
		{75125546-5551-481B-88F7-C6D778614A15}.Debug|Any CPU.Build.0 = Debug|Any CPU
		{75125546-5551-481B-88F7-C6D778614A15}.Debug|x64.ActiveCfg = Debug|Any CPU
		{75125546-5551-481B-88F7-C6D778614A15}.Debug|x64.Build.0 = Debug|Any CPU
		{75125546-5551-481B-88F7-C6D778614A15}.Debug|x86.ActiveCfg = Debug|Any CPU
		{75125546-5551-481B-88F7-C6D778614A15}.Debug|x86.Build.0 = Debug|Any CPU
		{75125546-5551-481B-88F7-C6D778614A15}.Release|Any CPU.ActiveCfg = Release|Any CPU
		{75125546-5551-481B-88F7-C6D778614A15}.Release|Any CPU.Build.0 = Release|Any CPU
		{75125546-5551-481B-88F7-C6D778614A15}.Release|x64.ActiveCfg = Release|Any CPU
		{75125546-5551-481B-88F7-C6D778614A15}.Release|x64.Build.0 = Release|Any CPU
		{75125546-5551-481B-88F7-C6D778614A15}.Release|x86.ActiveCfg = Release|Any CPU
		{75125546-5551-481B-88F7-C6D778614A15}.Release|x86.Build.0 = Release|Any CPU
		{C613DDA4-8E7C-4D39-A8EB-94B5836D04F4}.Debug|Any CPU.ActiveCfg = Debug|Any CPU
		{C613DDA4-8E7C-4D39-A8EB-94B5836D04F4}.Debug|Any CPU.Build.0 = Debug|Any CPU
		{C613DDA4-8E7C-4D39-A8EB-94B5836D04F4}.Debug|x64.ActiveCfg = Debug|Any CPU
		{C613DDA4-8E7C-4D39-A8EB-94B5836D04F4}.Debug|x64.Build.0 = Debug|Any CPU
		{C613DDA4-8E7C-4D39-A8EB-94B5836D04F4}.Debug|x86.ActiveCfg = Debug|Any CPU
		{C613DDA4-8E7C-4D39-A8EB-94B5836D04F4}.Debug|x86.Build.0 = Debug|Any CPU
		{C613DDA4-8E7C-4D39-A8EB-94B5836D04F4}.Release|Any CPU.ActiveCfg = Release|Any CPU
		{C613DDA4-8E7C-4D39-A8EB-94B5836D04F4}.Release|Any CPU.Build.0 = Release|Any CPU
		{C613DDA4-8E7C-4D39-A8EB-94B5836D04F4}.Release|x64.ActiveCfg = Release|Any CPU
		{C613DDA4-8E7C-4D39-A8EB-94B5836D04F4}.Release|x64.Build.0 = Release|Any CPU
		{C613DDA4-8E7C-4D39-A8EB-94B5836D04F4}.Release|x86.ActiveCfg = Release|Any CPU
		{C613DDA4-8E7C-4D39-A8EB-94B5836D04F4}.Release|x86.Build.0 = Release|Any CPU
		{9B1FDC73-02B6-454C-8957-AF70DDFE6D62}.Debug|Any CPU.ActiveCfg = Debug|Any CPU
		{9B1FDC73-02B6-454C-8957-AF70DDFE6D62}.Debug|Any CPU.Build.0 = Debug|Any CPU
		{9B1FDC73-02B6-454C-8957-AF70DDFE6D62}.Debug|x64.ActiveCfg = Debug|Any CPU
		{9B1FDC73-02B6-454C-8957-AF70DDFE6D62}.Debug|x64.Build.0 = Debug|Any CPU
		{9B1FDC73-02B6-454C-8957-AF70DDFE6D62}.Debug|x86.ActiveCfg = Debug|Any CPU
		{9B1FDC73-02B6-454C-8957-AF70DDFE6D62}.Debug|x86.Build.0 = Debug|Any CPU
		{9B1FDC73-02B6-454C-8957-AF70DDFE6D62}.Release|Any CPU.ActiveCfg = Release|Any CPU
		{9B1FDC73-02B6-454C-8957-AF70DDFE6D62}.Release|Any CPU.Build.0 = Release|Any CPU
		{9B1FDC73-02B6-454C-8957-AF70DDFE6D62}.Release|x64.ActiveCfg = Release|Any CPU
		{9B1FDC73-02B6-454C-8957-AF70DDFE6D62}.Release|x64.Build.0 = Release|Any CPU
		{9B1FDC73-02B6-454C-8957-AF70DDFE6D62}.Release|x86.ActiveCfg = Release|Any CPU
		{9B1FDC73-02B6-454C-8957-AF70DDFE6D62}.Release|x86.Build.0 = Release|Any CPU
	EndGlobalSection
	GlobalSection(SolutionProperties) = preSolution
		HideSolutionNode = FALSE
	EndGlobalSection
	GlobalSection(NestedProjects) = preSolution
		{B6DE069D-F699-4C26-842B-DC68F8C954AF} = {6B6174EC-A782-4FDE-A29C-B16A5A827845}
		{46391BB0-C8C8-4269-B103-6C7EB6031CAC} = {3A0525C5-7A1E-4E6E-A617-442A73AC1522}
		{F2301EF3-59C4-4A64-9A82-741CC04E97F1} = {6B6174EC-A782-4FDE-A29C-B16A5A827845}
		{54AD47B4-2D94-4CE2-8EA8-595B178A140C} = {6B6174EC-A782-4FDE-A29C-B16A5A827845}
		{27E2C422-3BA9-443C-86A3-0A54811AB621} = {3A0525C5-7A1E-4E6E-A617-442A73AC1522}
		{A7E4A1A9-E4A3-4BBD-9345-CEC3287CFAC1} = {3A0525C5-7A1E-4E6E-A617-442A73AC1522}
		{C1DD7ECB-B77C-4371-95C5-480E4320006F} = {3A0525C5-7A1E-4E6E-A617-442A73AC1522}
		{A628C764-3059-4637-87D0-74EB947AF4BF} = {6B6174EC-A782-4FDE-A29C-B16A5A827845}
		{0D58A04E-88CF-4042-AB5C-1F4F8698DF50} = {6B6174EC-A782-4FDE-A29C-B16A5A827845}
		{17D29CA6-109C-48E2-B839-307435293BB3} = {3A0525C5-7A1E-4E6E-A617-442A73AC1522}
		{6EB2BA6D-C8D1-4505-B5F3-A40443D51479} = {3A0525C5-7A1E-4E6E-A617-442A73AC1522}
		{4D2B7614-7EEF-436C-B768-69B93AC9DA5E} = {BB5C9E30-4A9A-4BFA-849B-9705C9512DFD}
		{7A09DAE0-FE5B-4372-966C-9B239140567F} = {6B6174EC-A782-4FDE-A29C-B16A5A827845}
		{72F2EEF7-E3E6-4BAC-A3EE-0C9E7FC6B991} = {6B6174EC-A782-4FDE-A29C-B16A5A827845}
		{750545FC-261D-401F-8BB9-936E221010BC} = {6B6174EC-A782-4FDE-A29C-B16A5A827845}
		{6893F4C3-1AAA-41CF-8252-8F3B06510C7F} = {6B6174EC-A782-4FDE-A29C-B16A5A827845}
		{BFAC9F66-A131-48FC-8095-A898AADDA911} = {6B6174EC-A782-4FDE-A29C-B16A5A827845}
		{2E5852E6-6879-44DF-800E-5B0D0AEDE000} = {3A0525C5-7A1E-4E6E-A617-442A73AC1522}
		{582FDBFE-F89D-4BF2-9CC4-F8E68283BD29} = {3A0525C5-7A1E-4E6E-A617-442A73AC1522}
		{56853E25-93E7-4949-B7FF-7D60A75AD073} = {3A0525C5-7A1E-4E6E-A617-442A73AC1522}
		{C4A1FCEC-961F-444E-9535-699E300D6C2C} = {3A0525C5-7A1E-4E6E-A617-442A73AC1522}
		{AA776FA9-6D36-4297-82AC-057A025451B1} = {3A0525C5-7A1E-4E6E-A617-442A73AC1522}
		{85B9EE9F-6CEF-46B9-8369-EF606E396DAB} = {6B6174EC-A782-4FDE-A29C-B16A5A827845}
		{4DA0A8D3-A93E-4742-B76A-EE46ADD79C43} = {3A0525C5-7A1E-4E6E-A617-442A73AC1522}
		{B58217DF-D185-4988-96A6-721B9DC00083} = {6B6174EC-A782-4FDE-A29C-B16A5A827845}
		{017866AA-FF69-4FDC-B76B-9B427CCC78F8} = {3A0525C5-7A1E-4E6E-A617-442A73AC1522}
		{1A9E9DE1-0C7F-4F07-A3AC-7336A2BBCB7E} = {3A0525C5-7A1E-4E6E-A617-442A73AC1522}
		{788ECCE0-EE83-4204-B285-C92951B39756} = {3A0525C5-7A1E-4E6E-A617-442A73AC1522}
		{F6D3B5E4-4B30-4D6A-B11A-7F6434F89104} = {3A0525C5-7A1E-4E6E-A617-442A73AC1522}
		{7D4FD76C-014D-452D-A744-2A25D23FF83A} = {6B6174EC-A782-4FDE-A29C-B16A5A827845}
		{9A03E3C8-280A-4850-88A5-C754A0CDE34C} = {3A0525C5-7A1E-4E6E-A617-442A73AC1522}
		{5B479D56-7881-4917-9A5C-FDC186472021} = {3A0525C5-7A1E-4E6E-A617-442A73AC1522}
		{75125546-5551-481B-88F7-C6D778614A15} = {3A0525C5-7A1E-4E6E-A617-442A73AC1522}
		{C613DDA4-8E7C-4D39-A8EB-94B5836D04F4} = {6B6174EC-A782-4FDE-A29C-B16A5A827845}
		{9B1FDC73-02B6-454C-8957-AF70DDFE6D62} = {3A0525C5-7A1E-4E6E-A617-442A73AC1522}
	EndGlobalSection
EndGlobal
